// !$*UTF8*$!
{
	archiveVersion = 1;
	classes = {
	};
	objectVersion = 54;
	objects = {

/* Begin PBXBuildFile section */
		2C01DB1F280B59A300F90C09 /* PostViewController.swift in Sources */ = {isa = PBXBuildFile; fileRef = 2C01DB1E280B59A300F90C09 /* PostViewController.swift */; };
		2C01DB22280B70A500F90C09 /* PostViewControllerModel.swift in Sources */ = {isa = PBXBuildFile; fileRef = 2C01DB21280B70A500F90C09 /* PostViewControllerModel.swift */; };
		2C01DB25280B867D00F90C09 /* ImagePresentCell.swift in Sources */ = {isa = PBXBuildFile; fileRef = 2C01DB24280B867D00F90C09 /* ImagePresentCell.swift */; };
		2C01DB27280B905C00F90C09 /* FullScreenImagePresenterViewController.swift in Sources */ = {isa = PBXBuildFile; fileRef = 2C01DB26280B905C00F90C09 /* FullScreenImagePresenterViewController.swift */; };
		2C01DB2E280B926E00F90C09 /* FullScreenImagePresenterCell.swift in Sources */ = {isa = PBXBuildFile; fileRef = 2C01DB2D280B926E00F90C09 /* FullScreenImagePresenterCell.swift */; };
		2C01DB33280B94C300F90C09 /* FullScreenImagePresenterModel.swift in Sources */ = {isa = PBXBuildFile; fileRef = 2C01DB32280B94C300F90C09 /* FullScreenImagePresenterModel.swift */; };
		2C01DB35280B9F5600F90C09 /* FullScreenImagePresenterCellDelegate.swift in Sources */ = {isa = PBXBuildFile; fileRef = 2C01DB34280B9F5600F90C09 /* FullScreenImagePresenterCellDelegate.swift */; };
		2C05A1B927EE2A7700F77F1D /* ALS-Sirius.ttf in Resources */ = {isa = PBXBuildFile; fileRef = 2C05A1B827EE2A7700F77F1D /* ALS-Sirius.ttf */; };
		2C05A1BB27EE2ABF00F77F1D /* FontSet.swift in Sources */ = {isa = PBXBuildFile; fileRef = 2C05A1BA27EE2ABF00F77F1D /* FontSet.swift */; };
		2C05A1BD27EE2CA000F77F1D /* SignUpViewController.swift in Sources */ = {isa = PBXBuildFile; fileRef = 2C05A1BC27EE2CA000F77F1D /* SignUpViewController.swift */; };
		2C05A1C627EE5FED00F77F1D /* AuthNavigationViewController.swift in Sources */ = {isa = PBXBuildFile; fileRef = 2C05A1C527EE5FED00F77F1D /* AuthNavigationViewController.swift */; };
		2C05A1C827EE73D400F77F1D /* ChelaOne-Regular.ttf in Resources */ = {isa = PBXBuildFile; fileRef = 2C05A1C727EE73D400F77F1D /* ChelaOne-Regular.ttf */; };
		2C0BF5DD2808B59B0058C84D /* ImageCellDelegate.swift in Sources */ = {isa = PBXBuildFile; fileRef = 2C0BF5DC2808B59B0058C84D /* ImageCellDelegate.swift */; };
		2C0BF5E02808CBB40058C84D /* AddPostError.swift in Sources */ = {isa = PBXBuildFile; fileRef = 2C0BF5DF2808CBB30058C84D /* AddPostError.swift */; };
		2C1C0B78280F484D007E436D /* FeedNewsVC.swift in Sources */ = {isa = PBXBuildFile; fileRef = 2C1C0B77280F484D007E436D /* FeedNewsVC.swift */; };
		2C1C0B7A280F7FA7007E436D /* PostPreviewCellModel.swift in Sources */ = {isa = PBXBuildFile; fileRef = 2C1C0B79280F7FA7007E436D /* PostPreviewCellModel.swift */; };
		2C1C0B7E28101A42007E436D /* UserPreviewModel.swift in Sources */ = {isa = PBXBuildFile; fileRef = 2C1C0B7D28101A41007E436D /* UserPreviewModel.swift */; };
		2C8C690827FB72C600EF3054 /* AlertMessages.swift in Sources */ = {isa = PBXBuildFile; fileRef = 2C8C690727FB72C600EF3054 /* AlertMessages.swift */; };
		2C8C691127FCFDC500EF3054 /* Logger.swift in Sources */ = {isa = PBXBuildFile; fileRef = 2C8C691027FCFDC500EF3054 /* Logger.swift */; };
		2C8C691427FDBB0000EF3054 /* SignUpModel.swift in Sources */ = {isa = PBXBuildFile; fileRef = 2C8C691327FDBB0000EF3054 /* SignUpModel.swift */; };
		2C8C691627FDBF9800EF3054 /* DatabaseManager.swift in Sources */ = {isa = PBXBuildFile; fileRef = 2C8C691527FDBF9800EF3054 /* DatabaseManager.swift */; };
		2C8C691927FDC2C600EF3054 /* UserModel.swift in Sources */ = {isa = PBXBuildFile; fileRef = 2C8C691827FDC2C600EF3054 /* UserModel.swift */; };
		2C8C691E27FDCA6800EF3054 /* SignInModel.swift in Sources */ = {isa = PBXBuildFile; fileRef = 2C8C691D27FDCA6800EF3054 /* SignInModel.swift */; };
		2C9ACE062807360000FC54EC /* PostModel.swift in Sources */ = {isa = PBXBuildFile; fileRef = 2C9ACE052807360000FC54EC /* PostModel.swift */; };
		2CBAF2E927E7763E001A35B2 /* AppDelegate.swift in Sources */ = {isa = PBXBuildFile; fileRef = 2CBAF2E827E7763E001A35B2 /* AppDelegate.swift */; };
		2CBAF2EB27E7763E001A35B2 /* SceneDelegate.swift in Sources */ = {isa = PBXBuildFile; fileRef = 2CBAF2EA27E7763E001A35B2 /* SceneDelegate.swift */; };
		2CBAF2ED27E7763E001A35B2 /* SignInViewController.swift in Sources */ = {isa = PBXBuildFile; fileRef = 2CBAF2EC27E7763E001A35B2 /* SignInViewController.swift */; };
		2CBAF2F227E77644001A35B2 /* Assets.xcassets in Resources */ = {isa = PBXBuildFile; fileRef = 2CBAF2F127E77644001A35B2 /* Assets.xcassets */; };
		2CBAF2F527E77644001A35B2 /* LaunchScreen.storyboard in Resources */ = {isa = PBXBuildFile; fileRef = 2CBAF2F327E77644001A35B2 /* LaunchScreen.storyboard */; };
		2CBAF2FD27E77716001A35B2 /* GoogleService-Info.plist in Resources */ = {isa = PBXBuildFile; fileRef = 2CBAF2FC27E77716001A35B2 /* GoogleService-Info.plist */; };
		2CC49F5A280311FC00E35E68 /* CreatingPostViewController.swift in Sources */ = {isa = PBXBuildFile; fileRef = 2CC49F59280311FC00E35E68 /* CreatingPostViewController.swift */; };
		2CC49F5D28032EA500E35E68 /* AddPhotoCell.swift in Sources */ = {isa = PBXBuildFile; fileRef = 2CC49F5C28032EA500E35E68 /* AddPhotoCell.swift */; };
		2CC49F612803836C00E35E68 /* ImageCell.swift in Sources */ = {isa = PBXBuildFile; fileRef = 2CC49F602803836C00E35E68 /* ImageCell.swift */; };
		2CC49F642803861300E35E68 /* CreatingPostModel.swift in Sources */ = {isa = PBXBuildFile; fileRef = 2CC49F632803861300E35E68 /* CreatingPostModel.swift */; };
		2CFEA8A927F7CD2B00750CF0 /* libFirebaseAuth.a in Frameworks */ = {isa = PBXBuildFile; fileRef = 2CFEA8A827F7CD2B00750CF0 /* libFirebaseAuth.a */; };
		2CFEA8AB27F7CD9400750CF0 /* libFirebaseDatabase.a in Frameworks */ = {isa = PBXBuildFile; fileRef = 2CFEA8AA27F7CD9400750CF0 /* libFirebaseDatabase.a */; };
		4A12BA8BD40F75A8203A7D0E /* libPods-PointMe.a in Frameworks */ = {isa = PBXBuildFile; fileRef = CE1110205D48719CC6509C9E /* libPods-PointMe.a */; };
		7D4D9D84280F413F008C4250 /* PostPreviewModel.swift in Sources */ = {isa = PBXBuildFile; fileRef = 7D4D9D7C280F413F008C4250 /* PostPreviewModel.swift */; };
		7D4D9D85280F413F008C4250 /* FeedNewsColorSet.swift in Sources */ = {isa = PBXBuildFile; fileRef = 7D4D9D7D280F413F008C4250 /* FeedNewsColorSet.swift */; };
		7D4D9D86280F413F008C4250 /* DatabaseManager+PostPreviewLoader.swift in Sources */ = {isa = PBXBuildFile; fileRef = 7D4D9D7E280F413F008C4250 /* DatabaseManager+PostPreviewLoader.swift */; };
		7D4D9D87280F413F008C4250 /* FeedNewsModel.swift in Sources */ = {isa = PBXBuildFile; fileRef = 7D4D9D7F280F413F008C4250 /* FeedNewsModel.swift */; };
		7D4D9D88280F413F008C4250 /* FeedNewsFontSet.swift in Sources */ = {isa = PBXBuildFile; fileRef = 7D4D9D80280F413F008C4250 /* FeedNewsFontSet.swift */; };
		7D4D9D8A280F413F008C4250 /* FeedNewsError.swift in Sources */ = {isa = PBXBuildFile; fileRef = 7D4D9D82280F413F008C4250 /* FeedNewsError.swift */; };
		7D4D9D8B280F413F008C4250 /* PostPreviewCell.swift in Sources */ = {isa = PBXBuildFile; fileRef = 7D4D9D83280F413F008C4250 /* PostPreviewCell.swift */; };
		873C69FA27EA404A0004715E /* FindVC.swift in Sources */ = {isa = PBXBuildFile; fileRef = 873C69F927EA404A0004715E /* FindVC.swift */; };
		873C6A0027EA40630004715E /* FavoritesVC.swift in Sources */ = {isa = PBXBuildFile; fileRef = 873C69FF27EA40630004715E /* FavoritesVC.swift */; };
		873C6A0327EA406A0004715E /* AccountVC.swift in Sources */ = {isa = PBXBuildFile; fileRef = 873C6A0227EA406A0004715E /* AccountVC.swift */; };
		873C6A1D27EA5B110004715E /* MapVC.swift in Sources */ = {isa = PBXBuildFile; fileRef = 873C6A1C27EA5B110004715E /* MapVC.swift */; };
		8744ACB227EB10C700BC11B5 /* ColorSet.swift in Sources */ = {isa = PBXBuildFile; fileRef = 8744ACB127EB10C700BC11B5 /* ColorSet.swift */; };
		8744ACB627EB12ED00BC11B5 /* TabBar.swift in Sources */ = {isa = PBXBuildFile; fileRef = 8744ACB527EB12ED00BC11B5 /* TabBar.swift */; };
/* End PBXBuildFile section */

/* Begin PBXFileReference section */
		2C01DB1E280B59A300F90C09 /* PostViewController.swift */ = {isa = PBXFileReference; lastKnownFileType = sourcecode.swift; path = PostViewController.swift; sourceTree = "<group>"; };
		2C01DB21280B70A500F90C09 /* PostViewControllerModel.swift */ = {isa = PBXFileReference; lastKnownFileType = sourcecode.swift; path = PostViewControllerModel.swift; sourceTree = "<group>"; };
		2C01DB24280B867D00F90C09 /* ImagePresentCell.swift */ = {isa = PBXFileReference; lastKnownFileType = sourcecode.swift; path = ImagePresentCell.swift; sourceTree = "<group>"; };
		2C01DB26280B905C00F90C09 /* FullScreenImagePresenterViewController.swift */ = {isa = PBXFileReference; lastKnownFileType = sourcecode.swift; path = FullScreenImagePresenterViewController.swift; sourceTree = "<group>"; };
		2C01DB2D280B926E00F90C09 /* FullScreenImagePresenterCell.swift */ = {isa = PBXFileReference; lastKnownFileType = sourcecode.swift; path = FullScreenImagePresenterCell.swift; sourceTree = "<group>"; };
		2C01DB32280B94C300F90C09 /* FullScreenImagePresenterModel.swift */ = {isa = PBXFileReference; lastKnownFileType = sourcecode.swift; path = FullScreenImagePresenterModel.swift; sourceTree = "<group>"; };
		2C01DB34280B9F5600F90C09 /* FullScreenImagePresenterCellDelegate.swift */ = {isa = PBXFileReference; lastKnownFileType = sourcecode.swift; path = FullScreenImagePresenterCellDelegate.swift; sourceTree = "<group>"; };
		2C05A1B827EE2A7700F77F1D /* ALS-Sirius.ttf */ = {isa = PBXFileReference; lastKnownFileType = file; path = "ALS-Sirius.ttf"; sourceTree = "<group>"; };
		2C05A1BA27EE2ABF00F77F1D /* FontSet.swift */ = {isa = PBXFileReference; lastKnownFileType = sourcecode.swift; path = FontSet.swift; sourceTree = "<group>"; };
		2C05A1BC27EE2CA000F77F1D /* SignUpViewController.swift */ = {isa = PBXFileReference; lastKnownFileType = sourcecode.swift; path = SignUpViewController.swift; sourceTree = "<group>"; };
		2C05A1C527EE5FED00F77F1D /* AuthNavigationViewController.swift */ = {isa = PBXFileReference; lastKnownFileType = sourcecode.swift; path = AuthNavigationViewController.swift; sourceTree = "<group>"; };
		2C05A1C727EE73D400F77F1D /* ChelaOne-Regular.ttf */ = {isa = PBXFileReference; lastKnownFileType = file; path = "ChelaOne-Regular.ttf"; sourceTree = "<group>"; };
		2C0BF5DC2808B59B0058C84D /* ImageCellDelegate.swift */ = {isa = PBXFileReference; lastKnownFileType = sourcecode.swift; path = ImageCellDelegate.swift; sourceTree = "<group>"; };
		2C0BF5DF2808CBB30058C84D /* AddPostError.swift */ = {isa = PBXFileReference; lastKnownFileType = sourcecode.swift; path = AddPostError.swift; sourceTree = "<group>"; };
		2C1C0B77280F484D007E436D /* FeedNewsVC.swift */ = {isa = PBXFileReference; fileEncoding = 4; lastKnownFileType = sourcecode.swift; path = FeedNewsVC.swift; sourceTree = "<group>"; };
		2C1C0B79280F7FA7007E436D /* PostPreviewCellModel.swift */ = {isa = PBXFileReference; lastKnownFileType = sourcecode.swift; path = PostPreviewCellModel.swift; sourceTree = "<group>"; };
		2C1C0B7D28101A41007E436D /* UserPreviewModel.swift */ = {isa = PBXFileReference; fileEncoding = 4; lastKnownFileType = sourcecode.swift; path = UserPreviewModel.swift; sourceTree = "<group>"; };
		2C8C690727FB72C600EF3054 /* AlertMessages.swift */ = {isa = PBXFileReference; lastKnownFileType = sourcecode.swift; path = AlertMessages.swift; sourceTree = "<group>"; };
		2C8C691027FCFDC500EF3054 /* Logger.swift */ = {isa = PBXFileReference; lastKnownFileType = sourcecode.swift; path = Logger.swift; sourceTree = "<group>"; };
		2C8C691327FDBB0000EF3054 /* SignUpModel.swift */ = {isa = PBXFileReference; lastKnownFileType = sourcecode.swift; path = SignUpModel.swift; sourceTree = "<group>"; };
		2C8C691527FDBF9800EF3054 /* DatabaseManager.swift */ = {isa = PBXFileReference; lastKnownFileType = sourcecode.swift; path = DatabaseManager.swift; sourceTree = "<group>"; };
		2C8C691827FDC2C600EF3054 /* UserModel.swift */ = {isa = PBXFileReference; lastKnownFileType = sourcecode.swift; path = UserModel.swift; sourceTree = "<group>"; };
		2C8C691D27FDCA6800EF3054 /* SignInModel.swift */ = {isa = PBXFileReference; lastKnownFileType = sourcecode.swift; path = SignInModel.swift; sourceTree = "<group>"; };
		2C9ACE052807360000FC54EC /* PostModel.swift */ = {isa = PBXFileReference; lastKnownFileType = sourcecode.swift; path = PostModel.swift; sourceTree = "<group>"; };
		2CBAF2E527E7763E001A35B2 /* PointMe.app */ = {isa = PBXFileReference; explicitFileType = wrapper.application; includeInIndex = 0; path = PointMe.app; sourceTree = BUILT_PRODUCTS_DIR; };
		2CBAF2E827E7763E001A35B2 /* AppDelegate.swift */ = {isa = PBXFileReference; lastKnownFileType = sourcecode.swift; path = AppDelegate.swift; sourceTree = "<group>"; };
		2CBAF2EA27E7763E001A35B2 /* SceneDelegate.swift */ = {isa = PBXFileReference; lastKnownFileType = sourcecode.swift; path = SceneDelegate.swift; sourceTree = "<group>"; };
		2CBAF2EC27E7763E001A35B2 /* SignInViewController.swift */ = {isa = PBXFileReference; lastKnownFileType = sourcecode.swift; path = SignInViewController.swift; sourceTree = "<group>"; };
		2CBAF2F127E77644001A35B2 /* Assets.xcassets */ = {isa = PBXFileReference; lastKnownFileType = folder.assetcatalog; path = Assets.xcassets; sourceTree = "<group>"; };
		2CBAF2F427E77644001A35B2 /* Base */ = {isa = PBXFileReference; lastKnownFileType = file.storyboard; name = Base; path = Base.lproj/LaunchScreen.storyboard; sourceTree = "<group>"; };
		2CBAF2F627E77644001A35B2 /* Info.plist */ = {isa = PBXFileReference; lastKnownFileType = text.plist.xml; path = Info.plist; sourceTree = "<group>"; };
		2CBAF2FC27E77716001A35B2 /* GoogleService-Info.plist */ = {isa = PBXFileReference; fileEncoding = 4; lastKnownFileType = text.plist.xml; path = "GoogleService-Info.plist"; sourceTree = "<group>"; };
		2CC49F59280311FC00E35E68 /* CreatingPostViewController.swift */ = {isa = PBXFileReference; lastKnownFileType = sourcecode.swift; path = CreatingPostViewController.swift; sourceTree = "<group>"; };
		2CC49F5C28032EA500E35E68 /* AddPhotoCell.swift */ = {isa = PBXFileReference; lastKnownFileType = sourcecode.swift; path = AddPhotoCell.swift; sourceTree = "<group>"; };
		2CC49F602803836C00E35E68 /* ImageCell.swift */ = {isa = PBXFileReference; lastKnownFileType = sourcecode.swift; path = ImageCell.swift; sourceTree = "<group>"; };
		2CC49F632803861300E35E68 /* CreatingPostModel.swift */ = {isa = PBXFileReference; lastKnownFileType = sourcecode.swift; path = CreatingPostModel.swift; sourceTree = "<group>"; };
		2CFEA8A827F7CD2B00750CF0 /* libFirebaseAuth.a */ = {isa = PBXFileReference; explicitFileType = archive.ar; path = libFirebaseAuth.a; sourceTree = BUILT_PRODUCTS_DIR; };
		2CFEA8AA27F7CD9400750CF0 /* libFirebaseDatabase.a */ = {isa = PBXFileReference; explicitFileType = archive.ar; path = libFirebaseDatabase.a; sourceTree = BUILT_PRODUCTS_DIR; };
		7AE9F2D5A3D4A920510ED310 /* Pods-PointMe.release.xcconfig */ = {isa = PBXFileReference; includeInIndex = 1; lastKnownFileType = text.xcconfig; name = "Pods-PointMe.release.xcconfig"; path = "Target Support Files/Pods-PointMe/Pods-PointMe.release.xcconfig"; sourceTree = "<group>"; };
		7D4D9D7C280F413F008C4250 /* PostPreviewModel.swift */ = {isa = PBXFileReference; fileEncoding = 4; lastKnownFileType = sourcecode.swift; path = PostPreviewModel.swift; sourceTree = "<group>"; };
		7D4D9D7D280F413F008C4250 /* FeedNewsColorSet.swift */ = {isa = PBXFileReference; fileEncoding = 4; lastKnownFileType = sourcecode.swift; path = FeedNewsColorSet.swift; sourceTree = "<group>"; };
		7D4D9D7E280F413F008C4250 /* DatabaseManager+PostPreviewLoader.swift */ = {isa = PBXFileReference; fileEncoding = 4; lastKnownFileType = sourcecode.swift; path = "DatabaseManager+PostPreviewLoader.swift"; sourceTree = "<group>"; };
		7D4D9D7F280F413F008C4250 /* FeedNewsModel.swift */ = {isa = PBXFileReference; fileEncoding = 4; lastKnownFileType = sourcecode.swift; path = FeedNewsModel.swift; sourceTree = "<group>"; };
		7D4D9D80280F413F008C4250 /* FeedNewsFontSet.swift */ = {isa = PBXFileReference; fileEncoding = 4; lastKnownFileType = sourcecode.swift; path = FeedNewsFontSet.swift; sourceTree = "<group>"; };
		7D4D9D82280F413F008C4250 /* FeedNewsError.swift */ = {isa = PBXFileReference; fileEncoding = 4; lastKnownFileType = sourcecode.swift; path = FeedNewsError.swift; sourceTree = "<group>"; };
		7D4D9D83280F413F008C4250 /* PostPreviewCell.swift */ = {isa = PBXFileReference; fileEncoding = 4; lastKnownFileType = sourcecode.swift; path = PostPreviewCell.swift; sourceTree = "<group>"; };
		873C69F927EA404A0004715E /* FindVC.swift */ = {isa = PBXFileReference; lastKnownFileType = sourcecode.swift; path = FindVC.swift; sourceTree = "<group>"; };
		873C69FF27EA40630004715E /* FavoritesVC.swift */ = {isa = PBXFileReference; lastKnownFileType = sourcecode.swift; path = FavoritesVC.swift; sourceTree = "<group>"; };
		873C6A0227EA406A0004715E /* AccountVC.swift */ = {isa = PBXFileReference; lastKnownFileType = sourcecode.swift; path = AccountVC.swift; sourceTree = "<group>"; };
		873C6A1C27EA5B110004715E /* MapVC.swift */ = {isa = PBXFileReference; lastKnownFileType = sourcecode.swift; path = MapVC.swift; sourceTree = "<group>"; };
		8744ACB127EB10C700BC11B5 /* ColorSet.swift */ = {isa = PBXFileReference; lastKnownFileType = sourcecode.swift; path = ColorSet.swift; sourceTree = "<group>"; };
		8744ACB527EB12ED00BC11B5 /* TabBar.swift */ = {isa = PBXFileReference; lastKnownFileType = sourcecode.swift; path = TabBar.swift; sourceTree = "<group>"; };
		CE1110205D48719CC6509C9E /* libPods-PointMe.a */ = {isa = PBXFileReference; explicitFileType = archive.ar; includeInIndex = 0; path = "libPods-PointMe.a"; sourceTree = BUILT_PRODUCTS_DIR; };
		CF909348BEAB5AB0822300FB /* Pods-PointMe.debug.xcconfig */ = {isa = PBXFileReference; includeInIndex = 1; lastKnownFileType = text.xcconfig; name = "Pods-PointMe.debug.xcconfig"; path = "Target Support Files/Pods-PointMe/Pods-PointMe.debug.xcconfig"; sourceTree = "<group>"; };
/* End PBXFileReference section */

/* Begin PBXFrameworksBuildPhase section */
		2CBAF2E227E7763E001A35B2 /* Frameworks */ = {
			isa = PBXFrameworksBuildPhase;
			buildActionMask = 2147483647;
			files = (
				2CFEA8AB27F7CD9400750CF0 /* libFirebaseDatabase.a in Frameworks */,
				2CFEA8A927F7CD2B00750CF0 /* libFirebaseAuth.a in Frameworks */,
				4A12BA8BD40F75A8203A7D0E /* libPods-PointMe.a in Frameworks */,
			);
			runOnlyForDeploymentPostprocessing = 0;
		};
/* End PBXFrameworksBuildPhase section */

/* Begin PBXGroup section */
		19D0454068689DB801C1056F /* Frameworks */ = {
			isa = PBXGroup;
			children = (
				2CFEA8AA27F7CD9400750CF0 /* libFirebaseDatabase.a */,
				2CFEA8A827F7CD2B00750CF0 /* libFirebaseAuth.a */,
				CE1110205D48719CC6509C9E /* libPods-PointMe.a */,
			);
			name = Frameworks;
			sourceTree = "<group>";
		};
		2C01DB1C280B592E00F90C09 /* Post */ = {
			isa = PBXGroup;
			children = (
				2C01DB29280B917D00F90C09 /* FullScreenImagePresenter */,
				2C01DB28280B917500F90C09 /* OnePost */,
			);
			path = Post;
			sourceTree = "<group>";
		};
		2C01DB1D280B593400F90C09 /* View */ = {
			isa = PBXGroup;
			children = (
				2C01DB23280B866900F90C09 /* Cell */,
				2C01DB1E280B59A300F90C09 /* PostViewController.swift */,
			);
			path = View;
			sourceTree = "<group>";
		};
		2C01DB20280B709100F90C09 /* Model */ = {
			isa = PBXGroup;
			children = (
				2C01DB21280B70A500F90C09 /* PostViewControllerModel.swift */,
			);
			path = Model;
			sourceTree = "<group>";
		};
		2C01DB23280B866900F90C09 /* Cell */ = {
			isa = PBXGroup;
			children = (
				2C01DB24280B867D00F90C09 /* ImagePresentCell.swift */,
			);
			path = Cell;
			sourceTree = "<group>";
		};
		2C01DB28280B917500F90C09 /* OnePost */ = {
			isa = PBXGroup;
			children = (
				2C01DB20280B709100F90C09 /* Model */,
				2C01DB1D280B593400F90C09 /* View */,
			);
			path = OnePost;
			sourceTree = "<group>";
		};
		2C01DB29280B917D00F90C09 /* FullScreenImagePresenter */ = {
			isa = PBXGroup;
			children = (
				2C01DB2C280B91C800F90C09 /* Model */,
				2C01DB2A280B91BA00F90C09 /* View */,
				2C01DB2F280B944E00F90C09 /* Protocols */,
			);
			path = FullScreenImagePresenter;
			sourceTree = "<group>";
		};
		2C01DB2A280B91BA00F90C09 /* View */ = {
			isa = PBXGroup;
			children = (
				2C01DB2B280B91C300F90C09 /* Cell */,
				2C01DB26280B905C00F90C09 /* FullScreenImagePresenterViewController.swift */,
			);
			path = View;
			sourceTree = "<group>";
		};
		2C01DB2B280B91C300F90C09 /* Cell */ = {
			isa = PBXGroup;
			children = (
				2C01DB2D280B926E00F90C09 /* FullScreenImagePresenterCell.swift */,
			);
			path = Cell;
			sourceTree = "<group>";
		};
		2C01DB2C280B91C800F90C09 /* Model */ = {
			isa = PBXGroup;
			children = (
				2C01DB32280B94C300F90C09 /* FullScreenImagePresenterModel.swift */,
			);
			path = Model;
			sourceTree = "<group>";
		};
		2C01DB2F280B944E00F90C09 /* Protocols */ = {
			isa = PBXGroup;
			children = (
				2C01DB34280B9F5600F90C09 /* FullScreenImagePresenterCellDelegate.swift */,
			);
			path = Protocols;
			sourceTree = "<group>";
		};
		2C05A1B027EE286C00F77F1D /* SingIn */ = {
			isa = PBXGroup;
			children = (
				2C8C691C27FDCA5600EF3054 /* Model */,
				2C05A1C127EE413E00F77F1D /* View */,
			);
			path = SingIn;
			sourceTree = "<group>";
		};
		2C05A1B127EE288A00F77F1D /* SingUp */ = {
			isa = PBXGroup;
			children = (
				2C8C691227FDBAF000EF3054 /* Model */,
				2C05A1B227EE289700F77F1D /* View */,
			);
			path = SingUp;
			sourceTree = "<group>";
		};
		2C05A1B227EE289700F77F1D /* View */ = {
			isa = PBXGroup;
			children = (
				2C05A1BC27EE2CA000F77F1D /* SignUpViewController.swift */,
			);
			path = View;
			sourceTree = "<group>";
		};
		2C05A1B627EE2A5A00F77F1D /* Fonts */ = {
			isa = PBXGroup;
			children = (
				2C05A1B727EE2A6200F77F1D /* Sources */,
				2C05A1BA27EE2ABF00F77F1D /* FontSet.swift */,
			);
			path = Fonts;
			sourceTree = "<group>";
		};
		2C05A1B727EE2A6200F77F1D /* Sources */ = {
			isa = PBXGroup;
			children = (
				2C05A1C727EE73D400F77F1D /* ChelaOne-Regular.ttf */,
				2C05A1B827EE2A7700F77F1D /* ALS-Sirius.ttf */,
			);
			path = Sources;
			sourceTree = "<group>";
		};
		2C05A1C127EE413E00F77F1D /* View */ = {
			isa = PBXGroup;
			children = (
				2CBAF2EC27E7763E001A35B2 /* SignInViewController.swift */,
			);
			path = View;
			sourceTree = "<group>";
		};
		2C05A1C427EE5FCB00F77F1D /* Navigation */ = {
			isa = PBXGroup;
			children = (
				2C05A1C527EE5FED00F77F1D /* AuthNavigationViewController.swift */,
			);
			path = Navigation;
			sourceTree = "<group>";
		};
		2C0BF5DA2808B5380058C84D /* Protocols */ = {
			isa = PBXGroup;
			children = (
				2C0BF5DB2808B5680058C84D /* Cells */,
			);
			path = Protocols;
			sourceTree = "<group>";
		};
		2C0BF5DB2808B5680058C84D /* Cells */ = {
			isa = PBXGroup;
			children = (
				2C0BF5DC2808B59B0058C84D /* ImageCellDelegate.swift */,
			);
			path = Cells;
			sourceTree = "<group>";
		};
		2C0BF5DE2808CBA10058C84D /* Errors */ = {
			isa = PBXGroup;
			children = (
				2C0BF5DF2808CBB30058C84D /* AddPostError.swift */,
			);
			path = Errors;
			sourceTree = "<group>";
		};
		2C8C690627FB72A800EF3054 /* AlertMessages */ = {
			isa = PBXGroup;
			children = (
				2C8C690727FB72C600EF3054 /* AlertMessages.swift */,
			);
			path = AlertMessages;
			sourceTree = "<group>";
		};
		2C8C690B27FCEA7300EF3054 /* Network */ = {
			isa = PBXGroup;
			children = (
				2C0BF5DE2808CBA10058C84D /* Errors */,
				2C8C691727FDC2B700EF3054 /* Models */,
				2C8C691527FDBF9800EF3054 /* DatabaseManager.swift */,
			);
			path = Network;
			sourceTree = "<group>";
		};
		2C8C690E27FCFC1500EF3054 /* Utils Protocols+Extensions */ = {
			isa = PBXGroup;
			children = (
				2C8C690F27FCFDB700EF3054 /* Logger */,
				2C8C690627FB72A800EF3054 /* AlertMessages */,
			);
			path = "Utils Protocols+Extensions";
			sourceTree = "<group>";
		};
		2C8C690F27FCFDB700EF3054 /* Logger */ = {
			isa = PBXGroup;
			children = (
				2C8C691027FCFDC500EF3054 /* Logger.swift */,
			);
			path = Logger;
			sourceTree = "<group>";
		};
		2C8C691227FDBAF000EF3054 /* Model */ = {
			isa = PBXGroup;
			children = (
				2C8C691327FDBB0000EF3054 /* SignUpModel.swift */,
			);
			path = Model;
			sourceTree = "<group>";
		};
		2C8C691727FDC2B700EF3054 /* Models */ = {
			isa = PBXGroup;
			children = (
				2C8C691827FDC2C600EF3054 /* UserModel.swift */,
				2C9ACE052807360000FC54EC /* PostModel.swift */,
			);
			path = Models;
			sourceTree = "<group>";
		};
		2C8C691C27FDCA5600EF3054 /* Model */ = {
			isa = PBXGroup;
			children = (
				2C8C691D27FDCA6800EF3054 /* SignInModel.swift */,
			);
			path = Model;
			sourceTree = "<group>";
		};
		2CBAF2DC27E7763E001A35B2 = {
			isa = PBXGroup;
			children = (
				2CBAF2E727E7763E001A35B2 /* PointMe */,
				2CBAF2E627E7763E001A35B2 /* Products */,
				FF334A8D8E76767E9410B90D /* Pods */,
				19D0454068689DB801C1056F /* Frameworks */,
			);
			sourceTree = "<group>";
		};
		2CBAF2E627E7763E001A35B2 /* Products */ = {
			isa = PBXGroup;
			children = (
				2CBAF2E527E7763E001A35B2 /* PointMe.app */,
			);
			name = Products;
			sourceTree = "<group>";
		};
		2CBAF2E727E7763E001A35B2 /* PointMe */ = {
			isa = PBXGroup;
			children = (
				2C01DB1C280B592E00F90C09 /* Post */,
				2CC49F57280310BF00E35E68 /* CreatingPost */,
				2C8C690E27FCFC1500EF3054 /* Utils Protocols+Extensions */,
				2C8C690B27FCEA7300EF3054 /* Network */,
				2C05A1B627EE2A5A00F77F1D /* Fonts */,
				8744ACB427EB12DA00BC11B5 /* TabBar */,
				8744ACB027EB108B00BC11B5 /* Colors */,
				873C6A1B27EA5AFB0004715E /* Map */,
				873C6A1127EA4A090004715E /* FeedNews */,
				873C6A1027EA4A070004715E /* Find */,
				873C6A0827EA49B20004715E /* Login */,
				873C6A0727EA49B00004715E /* Account */,
				873C6A0627EA49AE0004715E /* Favorites */,
				2CE600FD27E7BC1E000902C8 /* Supporting files */,
			);
			path = PointMe;
			sourceTree = "<group>";
		};
		2CC49F57280310BF00E35E68 /* CreatingPost */ = {
			isa = PBXGroup;
			children = (
				2C0BF5DA2808B5380058C84D /* Protocols */,
				2CC49F62280385F800E35E68 /* Model */,
				2CC49F582803113E00E35E68 /* View */,
			);
			path = CreatingPost;
			sourceTree = "<group>";
		};
		2CC49F582803113E00E35E68 /* View */ = {
			isa = PBXGroup;
			children = (
				2CC49F5B28032D9F00E35E68 /* Cells */,
				2CC49F59280311FC00E35E68 /* CreatingPostViewController.swift */,
			);
			path = View;
			sourceTree = "<group>";
		};
		2CC49F5B28032D9F00E35E68 /* Cells */ = {
			isa = PBXGroup;
			children = (
				2CC49F5C28032EA500E35E68 /* AddPhotoCell.swift */,
				2CC49F602803836C00E35E68 /* ImageCell.swift */,
			);
			path = Cells;
			sourceTree = "<group>";
		};
		2CC49F62280385F800E35E68 /* Model */ = {
			isa = PBXGroup;
			children = (
				2CC49F632803861300E35E68 /* CreatingPostModel.swift */,
			);
			path = Model;
			sourceTree = "<group>";
		};
		2CE600FD27E7BC1E000902C8 /* Supporting files */ = {
			isa = PBXGroup;
			children = (
				2CBAF2E827E7763E001A35B2 /* AppDelegate.swift */,
				2CBAF2EA27E7763E001A35B2 /* SceneDelegate.swift */,
				2CBAF2F127E77644001A35B2 /* Assets.xcassets */,
				2CBAF2F327E77644001A35B2 /* LaunchScreen.storyboard */,
				2CBAF2F627E77644001A35B2 /* Info.plist */,
				2CBAF2FC27E77716001A35B2 /* GoogleService-Info.plist */,
			);
			path = "Supporting files";
			sourceTree = "<group>";
		};
		873C6A0627EA49AE0004715E /* Favorites */ = {
			isa = PBXGroup;
			children = (
				873C69FF27EA40630004715E /* FavoritesVC.swift */,
			);
			path = Favorites;
			sourceTree = "<group>";
		};
		873C6A0727EA49B00004715E /* Account */ = {
			isa = PBXGroup;
			children = (
				873C6A0227EA406A0004715E /* AccountVC.swift */,
			);
			path = Account;
			sourceTree = "<group>";
		};
		873C6A0827EA49B20004715E /* Login */ = {
			isa = PBXGroup;
			children = (
				2C05A1C427EE5FCB00F77F1D /* Navigation */,
				2C05A1B127EE288A00F77F1D /* SingUp */,
				2C05A1B027EE286C00F77F1D /* SingIn */,
			);
			path = Login;
			sourceTree = "<group>";
		};
		873C6A1027EA4A070004715E /* Find */ = {
			isa = PBXGroup;
			children = (
				873C69F927EA404A0004715E /* FindVC.swift */,
			);
			path = Find;
			sourceTree = "<group>";
		};
		873C6A1127EA4A090004715E /* FeedNews */ = {
			isa = PBXGroup;
			children = (
				2C1C0B7D28101A41007E436D /* UserPreviewModel.swift */,
				7D4D9D7E280F413F008C4250 /* DatabaseManager+PostPreviewLoader.swift */,
				2C1C0B77280F484D007E436D /* FeedNewsVC.swift */,
				7D4D9D7D280F413F008C4250 /* FeedNewsColorSet.swift */,
				7D4D9D82280F413F008C4250 /* FeedNewsError.swift */,
				7D4D9D80280F413F008C4250 /* FeedNewsFontSet.swift */,
				7D4D9D7F280F413F008C4250 /* FeedNewsModel.swift */,
				7D4D9D83280F413F008C4250 /* PostPreviewCell.swift */,
				7D4D9D7C280F413F008C4250 /* PostPreviewModel.swift */,
				2C1C0B79280F7FA7007E436D /* PostPreviewCellModel.swift */,
			);
			path = FeedNews;
			sourceTree = "<group>";
		};
		873C6A1B27EA5AFB0004715E /* Map */ = {
			isa = PBXGroup;
			children = (
				873C6A1C27EA5B110004715E /* MapVC.swift */,
			);
			path = Map;
			sourceTree = "<group>";
		};
		8744ACB027EB108B00BC11B5 /* Colors */ = {
			isa = PBXGroup;
			children = (
				8744ACB127EB10C700BC11B5 /* ColorSet.swift */,
			);
			path = Colors;
			sourceTree = "<group>";
		};
		8744ACB427EB12DA00BC11B5 /* TabBar */ = {
			isa = PBXGroup;
			children = (
				8744ACB527EB12ED00BC11B5 /* TabBar.swift */,
			);
			path = TabBar;
			sourceTree = "<group>";
		};
		FF334A8D8E76767E9410B90D /* Pods */ = {
			isa = PBXGroup;
			children = (
				CF909348BEAB5AB0822300FB /* Pods-PointMe.debug.xcconfig */,
				7AE9F2D5A3D4A920510ED310 /* Pods-PointMe.release.xcconfig */,
			);
			path = Pods;
			sourceTree = "<group>";
		};
/* End PBXGroup section */

/* Begin PBXNativeTarget section */
		2CBAF2E427E7763E001A35B2 /* PointMe */ = {
			isa = PBXNativeTarget;
			buildConfigurationList = 2CBAF2F927E77644001A35B2 /* Build configuration list for PBXNativeTarget "PointMe" */;
			buildPhases = (
				EA8B680084A1A7CB06331197 /* [CP] Check Pods Manifest.lock */,
				2CBAF2E127E7763E001A35B2 /* Sources */,
				2CBAF2E227E7763E001A35B2 /* Frameworks */,
				2CBAF2E327E7763E001A35B2 /* Resources */,
				3856B74035A7996B1158AC29 /* [CP] Copy Pods Resources */,
			);
			buildRules = (
			);
			dependencies = (
			);
			name = PointMe;
			productName = PointMe;
			productReference = 2CBAF2E527E7763E001A35B2 /* PointMe.app */;
			productType = "com.apple.product-type.application";
		};
/* End PBXNativeTarget section */

/* Begin PBXProject section */
		2CBAF2DD27E7763E001A35B2 /* Project object */ = {
			isa = PBXProject;
			attributes = {
				BuildIndependentTargetsInParallel = 1;
				LastSwiftUpdateCheck = 1320;
				LastUpgradeCheck = 1320;
				TargetAttributes = {
					2CBAF2E427E7763E001A35B2 = {
						CreatedOnToolsVersion = 13.2.1;
					};
				};
			};
			buildConfigurationList = 2CBAF2E027E7763E001A35B2 /* Build configuration list for PBXProject "PointMe" */;
			compatibilityVersion = "Xcode 12.0";
			developmentRegion = en;
			hasScannedForEncodings = 0;
			knownRegions = (
				en,
				Base,
			);
			mainGroup = 2CBAF2DC27E7763E001A35B2;
			productRefGroup = 2CBAF2E627E7763E001A35B2 /* Products */;
			projectDirPath = "";
			projectRoot = "";
			targets = (
				2CBAF2E427E7763E001A35B2 /* PointMe */,
			);
		};
/* End PBXProject section */

/* Begin PBXResourcesBuildPhase section */
		2CBAF2E327E7763E001A35B2 /* Resources */ = {
			isa = PBXResourcesBuildPhase;
			buildActionMask = 2147483647;
			files = (
				2C05A1C827EE73D400F77F1D /* ChelaOne-Regular.ttf in Resources */,
				2CBAF2F527E77644001A35B2 /* LaunchScreen.storyboard in Resources */,
				2CBAF2FD27E77716001A35B2 /* GoogleService-Info.plist in Resources */,
				2C05A1B927EE2A7700F77F1D /* ALS-Sirius.ttf in Resources */,
				2CBAF2F227E77644001A35B2 /* Assets.xcassets in Resources */,
			);
			runOnlyForDeploymentPostprocessing = 0;
		};
/* End PBXResourcesBuildPhase section */

/* Begin PBXShellScriptBuildPhase section */
		3856B74035A7996B1158AC29 /* [CP] Copy Pods Resources */ = {
			isa = PBXShellScriptBuildPhase;
			buildActionMask = 2147483647;
			files = (
			);
			inputFileListPaths = (
				"${PODS_ROOT}/Target Support Files/Pods-PointMe/Pods-PointMe-resources-${CONFIGURATION}-input-files.xcfilelist",
			);
			name = "[CP] Copy Pods Resources";
			outputFileListPaths = (
				"${PODS_ROOT}/Target Support Files/Pods-PointMe/Pods-PointMe-resources-${CONFIGURATION}-output-files.xcfilelist",
			);
			runOnlyForDeploymentPostprocessing = 0;
			shellPath = /bin/sh;
			shellScript = "\"${PODS_ROOT}/Target Support Files/Pods-PointMe/Pods-PointMe-resources.sh\"\n";
			showEnvVarsInLog = 0;
		};
		EA8B680084A1A7CB06331197 /* [CP] Check Pods Manifest.lock */ = {
			isa = PBXShellScriptBuildPhase;
			buildActionMask = 2147483647;
			files = (
			);
			inputFileListPaths = (
			);
			inputPaths = (
				"${PODS_PODFILE_DIR_PATH}/Podfile.lock",
				"${PODS_ROOT}/Manifest.lock",
			);
			name = "[CP] Check Pods Manifest.lock";
			outputFileListPaths = (
			);
			outputPaths = (
				"$(DERIVED_FILE_DIR)/Pods-PointMe-checkManifestLockResult.txt",
			);
			runOnlyForDeploymentPostprocessing = 0;
			shellPath = /bin/sh;
			shellScript = "diff \"${PODS_PODFILE_DIR_PATH}/Podfile.lock\" \"${PODS_ROOT}/Manifest.lock\" > /dev/null\nif [ $? != 0 ] ; then\n    # print error to STDERR\n    echo \"error: The sandbox is not in sync with the Podfile.lock. Run 'pod install' or update your CocoaPods installation.\" >&2\n    exit 1\nfi\n# This output is used by Xcode 'outputs' to avoid re-running this script phase.\necho \"SUCCESS\" > \"${SCRIPT_OUTPUT_FILE_0}\"\n";
			showEnvVarsInLog = 0;
		};
/* End PBXShellScriptBuildPhase section */

/* Begin PBXSourcesBuildPhase section */
		2CBAF2E127E7763E001A35B2 /* Sources */ = {
			isa = PBXSourcesBuildPhase;
			buildActionMask = 2147483647;
			files = (
				7D4D9D8A280F413F008C4250 /* FeedNewsError.swift in Sources */,
				2C01DB35280B9F5600F90C09 /* FullScreenImagePresenterCellDelegate.swift in Sources */,
				873C6A0327EA406A0004715E /* AccountVC.swift in Sources */,
				2CBAF2ED27E7763E001A35B2 /* SignInViewController.swift in Sources */,
				2C8C691427FDBB0000EF3054 /* SignUpModel.swift in Sources */,
				7D4D9D87280F413F008C4250 /* FeedNewsModel.swift in Sources */,
				873C69FA27EA404A0004715E /* FindVC.swift in Sources */,
				7D4D9D84280F413F008C4250 /* PostPreviewModel.swift in Sources */,
				7D4D9D8B280F413F008C4250 /* PostPreviewCell.swift in Sources */,
				2C8C690827FB72C600EF3054 /* AlertMessages.swift in Sources */,
				8744ACB227EB10C700BC11B5 /* ColorSet.swift in Sources */,
				2C05A1C627EE5FED00F77F1D /* AuthNavigationViewController.swift in Sources */,
				2C01DB27280B905C00F90C09 /* FullScreenImagePresenterViewController.swift in Sources */,
				2C0BF5DD2808B59B0058C84D /* ImageCellDelegate.swift in Sources */,
				2C01DB33280B94C300F90C09 /* FullScreenImagePresenterModel.swift in Sources */,
				2CC49F5D28032EA500E35E68 /* AddPhotoCell.swift in Sources */,
				2C01DB2E280B926E00F90C09 /* FullScreenImagePresenterCell.swift in Sources */,
				2C9ACE062807360000FC54EC /* PostModel.swift in Sources */,
				2C01DB25280B867D00F90C09 /* ImagePresentCell.swift in Sources */,
				2C8C691627FDBF9800EF3054 /* DatabaseManager.swift in Sources */,
				2C8C691E27FDCA6800EF3054 /* SignInModel.swift in Sources */,
				2C8C691127FCFDC500EF3054 /* Logger.swift in Sources */,
				873C6A0027EA40630004715E /* FavoritesVC.swift in Sources */,
				7D4D9D88280F413F008C4250 /* FeedNewsFontSet.swift in Sources */,
				873C6A1D27EA5B110004715E /* MapVC.swift in Sources */,
				7D4D9D85280F413F008C4250 /* FeedNewsColorSet.swift in Sources */,
				2C05A1BB27EE2ABF00F77F1D /* FontSet.swift in Sources */,
				2C1C0B7A280F7FA7007E436D /* PostPreviewCellModel.swift in Sources */,
				2CBAF2E927E7763E001A35B2 /* AppDelegate.swift in Sources */,
				2C01DB1F280B59A300F90C09 /* PostViewController.swift in Sources */,
				2C1C0B78280F484D007E436D /* FeedNewsVC.swift in Sources */,
				2C1C0B7E28101A42007E436D /* UserPreviewModel.swift in Sources */,
				2CBAF2EB27E7763E001A35B2 /* SceneDelegate.swift in Sources */,
				2C8C691927FDC2C600EF3054 /* UserModel.swift in Sources */,
				2CC49F612803836C00E35E68 /* ImageCell.swift in Sources */,
				2C01DB22280B70A500F90C09 /* PostViewControllerModel.swift in Sources */,
				7D4D9D86280F413F008C4250 /* DatabaseManager+PostPreviewLoader.swift in Sources */,
				8744ACB627EB12ED00BC11B5 /* TabBar.swift in Sources */,
				2C05A1BD27EE2CA000F77F1D /* SignUpViewController.swift in Sources */,
				2CC49F642803861300E35E68 /* CreatingPostModel.swift in Sources */,
				2C0BF5E02808CBB40058C84D /* AddPostError.swift in Sources */,
				2CC49F5A280311FC00E35E68 /* CreatingPostViewController.swift in Sources */,
			);
			runOnlyForDeploymentPostprocessing = 0;
		};
/* End PBXSourcesBuildPhase section */

/* Begin PBXVariantGroup section */
		2CBAF2F327E77644001A35B2 /* LaunchScreen.storyboard */ = {
			isa = PBXVariantGroup;
			children = (
				2CBAF2F427E77644001A35B2 /* Base */,
			);
			name = LaunchScreen.storyboard;
			sourceTree = "<group>";
		};
/* End PBXVariantGroup section */

/* Begin XCBuildConfiguration section */
		2CBAF2F727E77644001A35B2 /* Debug */ = {
			isa = XCBuildConfiguration;
			buildSettings = {
				ALWAYS_SEARCH_USER_PATHS = NO;
				CLANG_ANALYZER_NONNULL = YES;
				CLANG_ANALYZER_NUMBER_OBJECT_CONVERSION = YES_AGGRESSIVE;
				CLANG_CXX_LANGUAGE_STANDARD = "gnu++17";
				CLANG_CXX_LIBRARY = "libc++";
				CLANG_ENABLE_MODULES = YES;
				CLANG_ENABLE_OBJC_ARC = YES;
				CLANG_ENABLE_OBJC_WEAK = YES;
				CLANG_WARN_BLOCK_CAPTURE_AUTORELEASING = YES;
				CLANG_WARN_BOOL_CONVERSION = YES;
				CLANG_WARN_COMMA = YES;
				CLANG_WARN_CONSTANT_CONVERSION = YES;
				CLANG_WARN_DEPRECATED_OBJC_IMPLEMENTATIONS = YES;
				CLANG_WARN_DIRECT_OBJC_ISA_USAGE = YES_ERROR;
				CLANG_WARN_DOCUMENTATION_COMMENTS = YES;
				CLANG_WARN_EMPTY_BODY = YES;
				CLANG_WARN_ENUM_CONVERSION = YES;
				CLANG_WARN_INFINITE_RECURSION = YES;
				CLANG_WARN_INT_CONVERSION = YES;
				CLANG_WARN_NON_LITERAL_NULL_CONVERSION = YES;
				CLANG_WARN_OBJC_IMPLICIT_RETAIN_SELF = YES;
				CLANG_WARN_OBJC_LITERAL_CONVERSION = YES;
				CLANG_WARN_OBJC_ROOT_CLASS = YES_ERROR;
				CLANG_WARN_QUOTED_INCLUDE_IN_FRAMEWORK_HEADER = YES;
				CLANG_WARN_RANGE_LOOP_ANALYSIS = YES;
				CLANG_WARN_STRICT_PROTOTYPES = YES;
				CLANG_WARN_SUSPICIOUS_MOVE = YES;
				CLANG_WARN_UNGUARDED_AVAILABILITY = YES_AGGRESSIVE;
				CLANG_WARN_UNREACHABLE_CODE = YES;
				CLANG_WARN__DUPLICATE_METHOD_MATCH = YES;
				COPY_PHASE_STRIP = NO;
				DEBUG_INFORMATION_FORMAT = dwarf;
				ENABLE_STRICT_OBJC_MSGSEND = YES;
				ENABLE_TESTABILITY = YES;
				GCC_C_LANGUAGE_STANDARD = gnu11;
				GCC_DYNAMIC_NO_PIC = NO;
				GCC_NO_COMMON_BLOCKS = YES;
				GCC_OPTIMIZATION_LEVEL = 0;
				GCC_PREPROCESSOR_DEFINITIONS = (
					"DEBUG=1",
					"$(inherited)",
				);
				GCC_WARN_64_TO_32_BIT_CONVERSION = YES;
				GCC_WARN_ABOUT_RETURN_TYPE = YES_ERROR;
				GCC_WARN_UNDECLARED_SELECTOR = YES;
				GCC_WARN_UNINITIALIZED_AUTOS = YES_AGGRESSIVE;
				GCC_WARN_UNUSED_FUNCTION = YES;
				GCC_WARN_UNUSED_VARIABLE = YES;
				HEADER_SEARCH_PATHS = "$(inherited)";
				IPHONEOS_DEPLOYMENT_TARGET = 14.4;
				MTL_ENABLE_DEBUG_INFO = INCLUDE_SOURCE;
				MTL_FAST_MATH = YES;
				ONLY_ACTIVE_ARCH = YES;
				SDKROOT = iphoneos;
				SWIFT_ACTIVE_COMPILATION_CONDITIONS = DEBUG;
				SWIFT_OPTIMIZATION_LEVEL = "-Onone";
			};
			name = Debug;
		};
		2CBAF2F827E77644001A35B2 /* Release */ = {
			isa = XCBuildConfiguration;
			buildSettings = {
				ALWAYS_SEARCH_USER_PATHS = NO;
				CLANG_ANALYZER_NONNULL = YES;
				CLANG_ANALYZER_NUMBER_OBJECT_CONVERSION = YES_AGGRESSIVE;
				CLANG_CXX_LANGUAGE_STANDARD = "gnu++17";
				CLANG_CXX_LIBRARY = "libc++";
				CLANG_ENABLE_MODULES = YES;
				CLANG_ENABLE_OBJC_ARC = YES;
				CLANG_ENABLE_OBJC_WEAK = YES;
				CLANG_WARN_BLOCK_CAPTURE_AUTORELEASING = YES;
				CLANG_WARN_BOOL_CONVERSION = YES;
				CLANG_WARN_COMMA = YES;
				CLANG_WARN_CONSTANT_CONVERSION = YES;
				CLANG_WARN_DEPRECATED_OBJC_IMPLEMENTATIONS = YES;
				CLANG_WARN_DIRECT_OBJC_ISA_USAGE = YES_ERROR;
				CLANG_WARN_DOCUMENTATION_COMMENTS = YES;
				CLANG_WARN_EMPTY_BODY = YES;
				CLANG_WARN_ENUM_CONVERSION = YES;
				CLANG_WARN_INFINITE_RECURSION = YES;
				CLANG_WARN_INT_CONVERSION = YES;
				CLANG_WARN_NON_LITERAL_NULL_CONVERSION = YES;
				CLANG_WARN_OBJC_IMPLICIT_RETAIN_SELF = YES;
				CLANG_WARN_OBJC_LITERAL_CONVERSION = YES;
				CLANG_WARN_OBJC_ROOT_CLASS = YES_ERROR;
				CLANG_WARN_QUOTED_INCLUDE_IN_FRAMEWORK_HEADER = YES;
				CLANG_WARN_RANGE_LOOP_ANALYSIS = YES;
				CLANG_WARN_STRICT_PROTOTYPES = YES;
				CLANG_WARN_SUSPICIOUS_MOVE = YES;
				CLANG_WARN_UNGUARDED_AVAILABILITY = YES_AGGRESSIVE;
				CLANG_WARN_UNREACHABLE_CODE = YES;
				CLANG_WARN__DUPLICATE_METHOD_MATCH = YES;
				COPY_PHASE_STRIP = NO;
				DEBUG_INFORMATION_FORMAT = "dwarf-with-dsym";
				ENABLE_NS_ASSERTIONS = NO;
				ENABLE_STRICT_OBJC_MSGSEND = YES;
				GCC_C_LANGUAGE_STANDARD = gnu11;
				GCC_NO_COMMON_BLOCKS = YES;
				GCC_WARN_64_TO_32_BIT_CONVERSION = YES;
				GCC_WARN_ABOUT_RETURN_TYPE = YES_ERROR;
				GCC_WARN_UNDECLARED_SELECTOR = YES;
				GCC_WARN_UNINITIALIZED_AUTOS = YES_AGGRESSIVE;
				GCC_WARN_UNUSED_FUNCTION = YES;
				GCC_WARN_UNUSED_VARIABLE = YES;
				HEADER_SEARCH_PATHS = "$(inherited)";
				IPHONEOS_DEPLOYMENT_TARGET = 14.4;
				MTL_ENABLE_DEBUG_INFO = NO;
				MTL_FAST_MATH = YES;
				SDKROOT = iphoneos;
				SWIFT_COMPILATION_MODE = wholemodule;
				SWIFT_OPTIMIZATION_LEVEL = "-O";
				VALIDATE_PRODUCT = YES;
			};
			name = Release;
		};
		2CBAF2FA27E77644001A35B2 /* Debug */ = {
			isa = XCBuildConfiguration;
			baseConfigurationReference = CF909348BEAB5AB0822300FB /* Pods-PointMe.debug.xcconfig */;
			buildSettings = {
				ASSETCATALOG_COMPILER_APPICON_NAME = AppIcon;
				ASSETCATALOG_COMPILER_GLOBAL_ACCENT_COLOR_NAME = AccentColor;
				CODE_SIGN_STYLE = Automatic;
				CURRENT_PROJECT_VERSION = 1;
				DEVELOPMENT_TEAM = G42X5ZY7A9;
				GENERATE_INFOPLIST_FILE = YES;
				INFOPLIST_FILE = "PointMe/Supporting files/Info.plist";
				INFOPLIST_KEY_NSLocationWhenInUseUsageDescription = "This demo app";
				INFOPLIST_KEY_UIApplicationSupportsIndirectInputEvents = YES;
				INFOPLIST_KEY_UILaunchStoryboardName = LaunchScreen;
				INFOPLIST_KEY_UISupportedInterfaceOrientations_iPad = "UIInterfaceOrientationPortrait UIInterfaceOrientationPortraitUpsideDown UIInterfaceOrientationLandscapeLeft UIInterfaceOrientationLandscapeRight";
				INFOPLIST_KEY_UISupportedInterfaceOrientations_iPhone = "UIInterfaceOrientationPortrait UIInterfaceOrientationLandscapeLeft UIInterfaceOrientationLandscapeRight";
				IPHONEOS_DEPLOYMENT_TARGET = 14.4;
				LD_RUNPATH_SEARCH_PATHS = (
					"$(inherited)",
					"@executable_path/Frameworks",
				);
				MARKETING_VERSION = 1.0;
				PRODUCT_BUNDLE_IDENTIFIER = PointMe.Inc.PointMe;
				PRODUCT_NAME = "$(TARGET_NAME)";
				SWIFT_EMIT_LOC_STRINGS = YES;
				SWIFT_VERSION = 5.0;
				TARGETED_DEVICE_FAMILY = "1,2";
			};
			name = Debug;
		};
		2CBAF2FB27E77644001A35B2 /* Release */ = {
			isa = XCBuildConfiguration;
			baseConfigurationReference = 7AE9F2D5A3D4A920510ED310 /* Pods-PointMe.release.xcconfig */;
			buildSettings = {
				ASSETCATALOG_COMPILER_APPICON_NAME = AppIcon;
				ASSETCATALOG_COMPILER_GLOBAL_ACCENT_COLOR_NAME = AccentColor;
				CODE_SIGN_STYLE = Automatic;
				CURRENT_PROJECT_VERSION = 1;
				DEVELOPMENT_TEAM = G42X5ZY7A9;
				GENERATE_INFOPLIST_FILE = YES;
				INFOPLIST_FILE = "PointMe/Supporting files/Info.plist";
				INFOPLIST_KEY_NSLocationWhenInUseUsageDescription = "This demo app";
				INFOPLIST_KEY_UIApplicationSupportsIndirectInputEvents = YES;
				INFOPLIST_KEY_UILaunchStoryboardName = LaunchScreen;
				INFOPLIST_KEY_UISupportedInterfaceOrientations_iPad = "UIInterfaceOrientationPortrait UIInterfaceOrientationPortraitUpsideDown UIInterfaceOrientationLandscapeLeft UIInterfaceOrientationLandscapeRight";
				INFOPLIST_KEY_UISupportedInterfaceOrientations_iPhone = "UIInterfaceOrientationPortrait UIInterfaceOrientationLandscapeLeft UIInterfaceOrientationLandscapeRight";
				IPHONEOS_DEPLOYMENT_TARGET = 14.4;
				LD_RUNPATH_SEARCH_PATHS = (
					"$(inherited)",
					"@executable_path/Frameworks",
				);
				MARKETING_VERSION = 1.0;
				PRODUCT_BUNDLE_IDENTIFIER = PointMe.Inc.PointMe;
				PRODUCT_NAME = "$(TARGET_NAME)";
				SWIFT_EMIT_LOC_STRINGS = YES;
				SWIFT_VERSION = 5.0;
				TARGETED_DEVICE_FAMILY = "1,2";
			};
			name = Release;
		};
/* End XCBuildConfiguration section */

/* Begin XCConfigurationList section */
		2CBAF2E027E7763E001A35B2 /* Build configuration list for PBXProject "PointMe" */ = {
			isa = XCConfigurationList;
			buildConfigurations = (
				2CBAF2F727E77644001A35B2 /* Debug */,
				2CBAF2F827E77644001A35B2 /* Release */,
			);
			defaultConfigurationIsVisible = 0;
			defaultConfigurationName = Release;
		};
		2CBAF2F927E77644001A35B2 /* Build configuration list for PBXNativeTarget "PointMe" */ = {
			isa = XCConfigurationList;
			buildConfigurations = (
				2CBAF2FA27E77644001A35B2 /* Debug */,
				2CBAF2FB27E77644001A35B2 /* Release */,
			);
			defaultConfigurationIsVisible = 0;
			defaultConfigurationName = Release;
		};
/* End XCConfigurationList section */
	};
	rootObject = 2CBAF2DD27E7763E001A35B2 /* Project object */;
}
